
Microsoft Visual Studio Solution File, Format Version 12.00
# Visual Studio 2012
Project("{FAE04EC0-301F-11D3-BF4B-00C04F79EFBC}") = "Sassqwatch", "Sassqwatch\Sassqwatch.csproj", "{5AC3D630-F9B0-4BC4-8509-B5F3FC338620}"
EndProject
Global
	GlobalSection(SolutionConfigurationPlatforms) = preSolution
		Debug|Any CPU = Debug|Any CPU
		Release|Any CPU = Release|Any CPU
	EndGlobalSection
	GlobalSection(ProjectConfigurationPlatforms) = postSolution
		{5AC3D630-F9B0-4BC4-8509-B5F3FC338620}.Debug|Any CPU.ActiveCfg = Debug|Any CPU
		{5AC3D630-F9B0-4BC4-8509-B5F3FC338620}.Debug|Any CPU.Build.0 = Debug|Any CPU
		{5AC3D630-F9B0-4BC4-8509-B5F3FC338620}.Release|Any CPU.ActiveCfg = Release|Any CPU
		{5AC3D630-F9B0-4BC4-8509-B5F3FC338620}.Release|Any CPU.Build.0 = Release|Any CPU
	EndGlobalSection
	GlobalSection(SolutionProperties) = preSolution
		HideSolutionNode = FALSE
	EndGlobalSection
EndGlobal
